Microsoft Visual Studio Solution File, Format Version 12.00
# Visual Studio Version 17
VisualStudioVersion = 17.8.34330.188
MinimumVisualStudioVersion = 10.0.40219.1
Project("{9A19103F-16F7-4668-BE54-9A1E7A4F7556}") = "PcanBenchmark.Core", "PcanBenchmark.Core\PcanBenchmark.Core.csproj", "{3A1B810F-E739-49E9-A9BD-CCB00B949D9E}"
EndProject
Project("{9A19103F-16F7-4668-BE54-9A1E7A4F7556}") = "PcanBenchmark.App", "PcanBenchmark.App\PcanBenchmark.App.csproj", "{44C920FA-87DF-4647-99F3-3161D929C1E2}"
EndProject
Project("{9A19103F-16F7-4668-BE54-9A1E7A4F7556}") = "PcanBenchmark.E2E", "PcanBenchmark.E2E\PcanBenchmark.E2E.csproj", "{46F4031D-06ED-4E3A-B702-237546F67837}"
EndProject
Global
	GlobalSection(SolutionConfigurationPlatforms) = preSolution
		Debug|Any CPU = Debug|Any CPU
		Release|Any CPU = Release|Any CPU
	EndGlobalSection
	GlobalSection(ProjectConfigurationPlatforms) = postSolution
		{3A1B810F-E739-49E9-A9BD-CCB00B949D9E}.Debug|Any CPU.ActiveCfg = Debug|Any CPU
		{3A1B810F-E739-49E9-A9BD-CCB00B949D9E}.Debug|Any CPU.Build.0 = Debug|Any CPU
		{3A1B810F-E739-49E9-A9BD-CCB00B949D9E}.Release|Any CPU.ActiveCfg = Release|Any CPU
		{3A1B810F-E739-49E9-A9BD-CCB00B949D9E}.Release|Any CPU.Build.0 = Release|Any CPU
		{44C920FA-87DF-4647-99F3-3161D929C1E2}.Debug|Any CPU.ActiveCfg = Debug|Any CPU
		{44C920FA-87DF-4647-99F3-3161D929C1E2}.Debug|Any CPU.Build.0 = Debug|Any CPU
		{44C920FA-87DF-4647-99F3-3161D929C1E2}.Release|Any CPU.ActiveCfg = Release|Any CPU
		{44C920FA-87DF-4647-99F3-3161D929C1E2}.Release|Any CPU.Build.0 = Release|Any CPU
		{46F4031D-06ED-4E3A-B702-237546F67837}.Debug|Any CPU.ActiveCfg = Debug|Any CPU
		{46F4031D-06ED-4E3A-B702-237546F67837}.Debug|Any CPU.Build.0 = Debug|Any CPU
		{46F4031D-06ED-4E3A-B702-237546F67837}.Release|Any CPU.ActiveCfg = Release|Any CPU
		{46F4031D-06ED-4E3A-B702-237546F67837}.Release|Any CPU.Build.0 = Release|Any CPU
	EndGlobalSection
EndGlobal
